
Microsoft Visual Studio Solution File, Format Version 12.00
# Visual Studio 14
VisualStudioVersion = 14.0.25420.1
MinimumVisualStudioVersion = 10.0.40219.1
Project("{FAE04EC0-301F-11D3-BF4B-00C04F79EFBC}") = "PMngOpeWrd", "PMngOpeWrd\PMngOpeWrd.csproj", "{BAD00203-1C61-4C2F-B379-0E8A5E5550E0}"
EndProject
Project("{FAE04EC0-301F-11D3-BF4B-00C04F79EFBC}") = "PMngOpeWrd.Tests", "PMngOpeWrd.Tests\PMngOpeWrd.Tests.csproj", "{A1804736-DBD2-4E46-8CA3-D73F7CF47292}"
EndProject
Global
	GlobalSection(SolutionConfigurationPlatforms) = preSolution
		Debug|Any CPU = Debug|Any CPU
		Release|Any CPU = Release|Any CPU
	EndGlobalSection
	GlobalSection(ProjectConfigurationPlatforms) = postSolution
		{BAD00203-1C61-4C2F-B379-0E8A5E5550E0}.Debug|Any CPU.ActiveCfg = Debug|Any CPU
		{BAD00203-1C61-4C2F-B379-0E8A5E5550E0}.Debug|Any CPU.Build.0 = Debug|Any CPU
		{BAD00203-1C61-4C2F-B379-0E8A5E5550E0}.Release|Any CPU.ActiveCfg = Release|Any CPU
		{BAD00203-1C61-4C2F-B379-0E8A5E5550E0}.Release|Any CPU.Build.0 = Release|Any CPU
		{A1804736-DBD2-4E46-8CA3-D73F7CF47292}.Debug|Any CPU.ActiveCfg = Debug|Any CPU
		{A1804736-DBD2-4E46-8CA3-D73F7CF47292}.Debug|Any CPU.Build.0 = Debug|Any CPU
		{A1804736-DBD2-4E46-8CA3-D73F7CF47292}.Release|Any CPU.ActiveCfg = Release|Any CPU
		{A1804736-DBD2-4E46-8CA3-D73F7CF47292}.Release|Any CPU.Build.0 = Release|Any CPU
	EndGlobalSection
	GlobalSection(SolutionProperties) = preSolution
		HideSolutionNode = FALSE
	EndGlobalSection
EndGlobal
