
Microsoft Visual Studio Solution File, Format Version 12.00
# Visual Studio 14
VisualStudioVersion = 14.0.25420.1
MinimumVisualStudioVersion = 10.0.40219.1
Project("{FAE04EC0-301F-11D3-BF4B-00C04F79EFBC}") = "PMngOpeWrd", "PMngOpeWrd\PMngOpeWrd.csproj", "{E3CABB0B-A3E2-4F6B-9CF5-DD2F4E915220}"
EndProject
Project("{FAE04EC0-301F-11D3-BF4B-00C04F79EFBC}") = "PMngOpeWrd.Tests", "PMngOpeWrd.Tests\PMngOpeWrd.Tests.csproj", "{9DC00B94-CBF2-4342-843B-BFB91D33553E}"
EndProject
Global
	GlobalSection(SolutionConfigurationPlatforms) = preSolution
		Debug|Any CPU = Debug|Any CPU
		Release|Any CPU = Release|Any CPU
	EndGlobalSection
	GlobalSection(ProjectConfigurationPlatforms) = postSolution
		{E3CABB0B-A3E2-4F6B-9CF5-DD2F4E915220}.Debug|Any CPU.ActiveCfg = Debug|Any CPU
		{E3CABB0B-A3E2-4F6B-9CF5-DD2F4E915220}.Debug|Any CPU.Build.0 = Debug|Any CPU
		{E3CABB0B-A3E2-4F6B-9CF5-DD2F4E915220}.Release|Any CPU.ActiveCfg = Release|Any CPU
		{E3CABB0B-A3E2-4F6B-9CF5-DD2F4E915220}.Release|Any CPU.Build.0 = Release|Any CPU
		{9DC00B94-CBF2-4342-843B-BFB91D33553E}.Debug|Any CPU.ActiveCfg = Debug|Any CPU
		{9DC00B94-CBF2-4342-843B-BFB91D33553E}.Debug|Any CPU.Build.0 = Debug|Any CPU
		{9DC00B94-CBF2-4342-843B-BFB91D33553E}.Release|Any CPU.ActiveCfg = Release|Any CPU
		{9DC00B94-CBF2-4342-843B-BFB91D33553E}.Release|Any CPU.Build.0 = Release|Any CPU
	EndGlobalSection
	GlobalSection(SolutionProperties) = preSolution
		HideSolutionNode = FALSE
	EndGlobalSection
EndGlobal
